Microsoft Visual Studio Solution File, Format Version 12.00
# Visual Studio Version 17
VisualStudioVersion = 17.5.2.0
MinimumVisualStudioVersion = 10.0.40219.1
Project("{FAE04EC0-301F-11D3-BF4B-00C04F79EFBC}") = "PoCStoringToponyms", "PoCStoringToponyms\PoCStoringToponyms.csproj", "{AFF1192B-5A49-05FC-2621-41CC5E08F2ED}"
EndProject
Global
	GlobalSection(SolutionConfigurationPlatforms) = preSolution
		Debug|Any CPU = Debug|Any CPU
		Release|Any CPU = Release|Any CPU
	EndGlobalSection
	GlobalSection(ProjectConfigurationPlatforms) = postSolution
		{AFF1192B-5A49-05FC-2621-41CC5E08F2ED}.Debug|Any CPU.ActiveCfg = Debug|Any CPU
		{AFF1192B-5A49-05FC-2621-41CC5E08F2ED}.Debug|Any CPU.Build.0 = Debug|Any CPU
		{AFF1192B-5A49-05FC-2621-41CC5E08F2ED}.Release|Any CPU.ActiveCfg = Release|Any CPU
		{AFF1192B-5A49-05FC-2621-41CC5E08F2ED}.Release|Any CPU.Build.0 = Release|Any CPU
	EndGlobalSection
	GlobalSection(SolutionProperties) = preSolution
		HideSolutionNode = FALSE
	EndGlobalSection
	GlobalSection(ExtensibilityGlobals) = postSolution
		SolutionGuid = {4E12EAB2-3106-46DD-8F34-9E8A2FEEF604}
	EndGlobalSection
EndGlobal
